
Microsoft Visual Studio Solution File, Format Version 12.00
# Visual Studio Version 17
VisualStudioVersion = 17.7.34202.233
MinimumVisualStudioVersion = 10.0.40219.1
Project("{2150E333-8FDC-42A3-9474-1A3956D46DE8}") = "WebApi", "WebApi", "{4ABCD4E8-6EBC-4216-BA21-208C79CCFC97}"
EndProject
Project("{2150E333-8FDC-42A3-9474-1A3956D46DE8}") = "Domain", "Domain", "{05CDB587-224B-4BE8-BA5E-C53D7BE9A20C}"
EndProject
Project("{2150E333-8FDC-42A3-9474-1A3956D46DE8}") = "Repository", "Repository", "{4E52C2DD-413B-4F92-BBE6-4FF339912991}"
EndProject
Project("{2150E333-8FDC-42A3-9474-1A3956D46DE8}") = "Tests", "Tests", "{F22B667F-648E-41C9-BA2A-66793B4978CE}"
EndProject
Project("{FAE04EC0-301F-11D3-BF4B-00C04F79EFBC}") = "WebApi", "WebApi\WebApi.csproj", "{5BE6904B-559C-47C1-BCF8-2ADED1C21B25}"
EndProject
Project("{FAE04EC0-301F-11D3-BF4B-00C04F79EFBC}") = "Domain", "Domain\Domain.csproj", "{6A0C1BE1-579F-42E7-B9F9-4E1B1575AEB7}"
EndProject
Project("{FAE04EC0-301F-11D3-BF4B-00C04F79EFBC}") = "UnitTest", "UnitTest\UnitTest.csproj", "{AEC5F48B-D7EA-436D-97B6-F35E9EA5D681}"
EndProject
Project("{2150E333-8FDC-42A3-9474-1A3956D46DE8}") = "Infra", "Infra", "{94141018-2863-462E-A459-A51C3F27BE38}"
EndProject
Project("{2150E333-8FDC-42A3-9474-1A3956D46DE8}") = "Common", "Common", "{8BEE3258-16E0-43D4-A76E-49CCEDC94028}"
EndProject
Project("{FAE04EC0-301F-11D3-BF4B-00C04F79EFBC}") = "Infra.Repository", "Infra.Repository\Infra.Repository.csproj", "{1B49876B-09EA-40A1-8F24-DF8654F3CAB4}"
EndProject
Project("{FAE04EC0-301F-11D3-BF4B-00C04F79EFBC}") = "Infra.Common", "Infra.Common\Infra.Common.csproj", "{A92C0D1F-1BF0-4C72-8C90-6CBAB3798BE5}"
EndProject
Global
	GlobalSection(SolutionConfigurationPlatforms) = preSolution
		Debug|Any CPU = Debug|Any CPU
		Release|Any CPU = Release|Any CPU
	EndGlobalSection
	GlobalSection(ProjectConfigurationPlatforms) = postSolution
		{5BE6904B-559C-47C1-BCF8-2ADED1C21B25}.Debug|Any CPU.ActiveCfg = Debug|Any CPU
		{5BE6904B-559C-47C1-BCF8-2ADED1C21B25}.Debug|Any CPU.Build.0 = Debug|Any CPU
		{5BE6904B-559C-47C1-BCF8-2ADED1C21B25}.Release|Any CPU.ActiveCfg = Release|Any CPU
		{5BE6904B-559C-47C1-BCF8-2ADED1C21B25}.Release|Any CPU.Build.0 = Release|Any CPU
		{6A0C1BE1-579F-42E7-B9F9-4E1B1575AEB7}.Debug|Any CPU.ActiveCfg = Debug|Any CPU
		{6A0C1BE1-579F-42E7-B9F9-4E1B1575AEB7}.Debug|Any CPU.Build.0 = Debug|Any CPU
		{6A0C1BE1-579F-42E7-B9F9-4E1B1575AEB7}.Release|Any CPU.ActiveCfg = Release|Any CPU
		{6A0C1BE1-579F-42E7-B9F9-4E1B1575AEB7}.Release|Any CPU.Build.0 = Release|Any CPU
		{AEC5F48B-D7EA-436D-97B6-F35E9EA5D681}.Debug|Any CPU.ActiveCfg = Debug|Any CPU
		{AEC5F48B-D7EA-436D-97B6-F35E9EA5D681}.Debug|Any CPU.Build.0 = Debug|Any CPU
		{AEC5F48B-D7EA-436D-97B6-F35E9EA5D681}.Release|Any CPU.ActiveCfg = Release|Any CPU
		{AEC5F48B-D7EA-436D-97B6-F35E9EA5D681}.Release|Any CPU.Build.0 = Release|Any CPU
		{1B49876B-09EA-40A1-8F24-DF8654F3CAB4}.Debug|Any CPU.ActiveCfg = Debug|Any CPU
		{1B49876B-09EA-40A1-8F24-DF8654F3CAB4}.Debug|Any CPU.Build.0 = Debug|Any CPU
		{1B49876B-09EA-40A1-8F24-DF8654F3CAB4}.Release|Any CPU.ActiveCfg = Release|Any CPU
		{1B49876B-09EA-40A1-8F24-DF8654F3CAB4}.Release|Any CPU.Build.0 = Release|Any CPU
		{A92C0D1F-1BF0-4C72-8C90-6CBAB3798BE5}.Debug|Any CPU.ActiveCfg = Debug|Any CPU
		{A92C0D1F-1BF0-4C72-8C90-6CBAB3798BE5}.Debug|Any CPU.Build.0 = Debug|Any CPU
		{A92C0D1F-1BF0-4C72-8C90-6CBAB3798BE5}.Release|Any CPU.ActiveCfg = Release|Any CPU
		{A92C0D1F-1BF0-4C72-8C90-6CBAB3798BE5}.Release|Any CPU.Build.0 = Release|Any CPU
	EndGlobalSection
	GlobalSection(SolutionProperties) = preSolution
		HideSolutionNode = FALSE
	EndGlobalSection
	GlobalSection(NestedProjects) = preSolution
		{4E52C2DD-413B-4F92-BBE6-4FF339912991} = {94141018-2863-462E-A459-A51C3F27BE38}
		{5BE6904B-559C-47C1-BCF8-2ADED1C21B25} = {4ABCD4E8-6EBC-4216-BA21-208C79CCFC97}
		{6A0C1BE1-579F-42E7-B9F9-4E1B1575AEB7} = {05CDB587-224B-4BE8-BA5E-C53D7BE9A20C}
		{AEC5F48B-D7EA-436D-97B6-F35E9EA5D681} = {F22B667F-648E-41C9-BA2A-66793B4978CE}
		{8BEE3258-16E0-43D4-A76E-49CCEDC94028} = {94141018-2863-462E-A459-A51C3F27BE38}
		{1B49876B-09EA-40A1-8F24-DF8654F3CAB4} = {4E52C2DD-413B-4F92-BBE6-4FF339912991}
		{A92C0D1F-1BF0-4C72-8C90-6CBAB3798BE5} = {8BEE3258-16E0-43D4-A76E-49CCEDC94028}
	EndGlobalSection
	GlobalSection(ExtensibilityGlobals) = postSolution
		SolutionGuid = {AC1EF144-BE44-499B-A671-7979CF1409B6}
	EndGlobalSection
EndGlobal
